
Microsoft Visual Studio Solution File, Format Version 12.00
# Visual Studio Version 16
VisualStudioVersion = 16.0.31321.278
MinimumVisualStudioVersion = 10.0.40219.1
Project("{FAE04EC0-301F-11D3-BF4B-00C04F79EFBC}") = "Client2_Host_Rest", "Client2_Host_Rest.csproj", "{E7E19403-41EA-45BF-9E56-0C96E072FC24}"
EndProject
Global
	GlobalSection(SolutionConfigurationPlatforms) = preSolution
		Debug|Any CPU = Debug|Any CPU
		Release|Any CPU = Release|Any CPU
	EndGlobalSection
	GlobalSection(ProjectConfigurationPlatforms) = postSolution
		{E7E19403-41EA-45BF-9E56-0C96E072FC24}.Debug|Any CPU.ActiveCfg = Debug|Any CPU
		{E7E19403-41EA-45BF-9E56-0C96E072FC24}.Debug|Any CPU.Build.0 = Debug|Any CPU
		{E7E19403-41EA-45BF-9E56-0C96E072FC24}.Release|Any CPU.ActiveCfg = Release|Any CPU
		{E7E19403-41EA-45BF-9E56-0C96E072FC24}.Release|Any CPU.Build.0 = Release|Any CPU
	EndGlobalSection
	GlobalSection(SolutionProperties) = preSolution
		HideSolutionNode = FALSE
	EndGlobalSection
	GlobalSection(ExtensibilityGlobals) = postSolution
		SolutionGuid = {35B0A32B-0DB5-4CD5-A478-9964DEAC4434}
	EndGlobalSection
EndGlobal
